
Microsoft Visual Studio Solution File, Format Version 12.00
# Visual Studio Version 17
VisualStudioVersion = 17.8.34316.72
MinimumVisualStudioVersion = 10.0.40219.1
Project("{FAE04EC0-301F-11D3-BF4B-00C04F79EFBC}") = "recuperação", "recuperação\recuperação.csproj", "{A9F2A91C-4D2B-4B88-A081-CF1AE4667EE2}"
EndProject
Global
	GlobalSection(SolutionConfigurationPlatforms) = preSolution
		Debug|Any CPU = Debug|Any CPU
		Release|Any CPU = Release|Any CPU
	EndGlobalSection
	GlobalSection(ProjectConfigurationPlatforms) = postSolution
		{A9F2A91C-4D2B-4B88-A081-CF1AE4667EE2}.Debug|Any CPU.ActiveCfg = Debug|Any CPU
		{A9F2A91C-4D2B-4B88-A081-CF1AE4667EE2}.Debug|Any CPU.Build.0 = Debug|Any CPU
		{A9F2A91C-4D2B-4B88-A081-CF1AE4667EE2}.Release|Any CPU.ActiveCfg = Release|Any CPU
		{A9F2A91C-4D2B-4B88-A081-CF1AE4667EE2}.Release|Any CPU.Build.0 = Release|Any CPU
	EndGlobalSection
	GlobalSection(SolutionProperties) = preSolution
		HideSolutionNode = FALSE
	EndGlobalSection
	GlobalSection(ExtensibilityGlobals) = postSolution
		SolutionGuid = {C3BA5E61-2EF9-4663-86FC-2F1EC75BC1C5}
	EndGlobalSection
EndGlobal
